
Microsoft Visual Studio Solution File, Format Version 12.00
# Visual Studio Version 17
VisualStudioVersion = 17.4.33403.182
MinimumVisualStudioVersion = 10.0.40219.1
Project("{FAE04EC0-301F-11D3-BF4B-00C04F79EFBC}") = "Humans", "Humans\Humans.csproj", "{A41B1C97-D444-4513-A137-D4EDFD9AE33D}"
EndProject
Global
	GlobalSection(SolutionConfigurationPlatforms) = preSolution
		Debug|Any CPU = Debug|Any CPU
		Release|Any CPU = Release|Any CPU
	EndGlobalSection
	GlobalSection(ProjectConfigurationPlatforms) = postSolution
		{A41B1C97-D444-4513-A137-D4EDFD9AE33D}.Debug|Any CPU.ActiveCfg = Debug|Any CPU
		{A41B1C97-D444-4513-A137-D4EDFD9AE33D}.Debug|Any CPU.Build.0 = Debug|Any CPU
		{A41B1C97-D444-4513-A137-D4EDFD9AE33D}.Release|Any CPU.ActiveCfg = Release|Any CPU
		{A41B1C97-D444-4513-A137-D4EDFD9AE33D}.Release|Any CPU.Build.0 = Release|Any CPU
	EndGlobalSection
	GlobalSection(SolutionProperties) = preSolution
		HideSolutionNode = FALSE
	EndGlobalSection
	GlobalSection(ExtensibilityGlobals) = postSolution
		SolutionGuid = {DFE59600-3FA8-4383-BEF2-76EF4F89832C}
	EndGlobalSection
EndGlobal
